<?xml version="1.0" encoding="utf-8"?>
<Project ToolsVersion="4.0" xmlns="http://schemas.microsoft.com/developer/msbuild/2003">
  <ItemGroup>
    <Filter Include="소스 파일">
      <UniqueIdentifier>{4FC737F1-C7A5-4376-A066-2A32D752A2FF}</UniqueIdentifier>
      <Extensions>cpp;c;cc;cxx;c++;cppm;ixx;def;odl;idl;hpj;bat;asm;asmx</Extensions>
    </Filter>
    <Filter Include="헤더 파일">
      <UniqueIdentifier>{93995380-89BD-4b04-88EB-625FBE52EBFB}</UniqueIdentifier>
      <Extensions>h;hh;hpp;hxx;h++;hm;inl;inc;ipp;xsd</Extensions>
    </Filter>
    <Filter Include="리소스 파일">
      <UniqueIdentifier>{67DA6AB6-F800-4c08-8B7A-83BB121AAD01}</UniqueIdentifier>
      <Extensions>rc;ico;cur;bmp;dlg;rc2;rct;bin;rgs;gif;jpg;jpeg;jpe;resx;tiff;tif;png;wav;mfcribbon-ms</Extensions>
    </Filter>
  </ItemGroup>
  <ItemGroup>
    <ClCompile Include="230525 128 5번.cpp">
      <Filter>소스 파일</Filter>
    </ClCompile>
    <ClCompile Include="230525 130 3번.cpp">
      <Filter>소스 파일</Filter>
    </ClCompile>
    <ClCompile Include="230525 130 7번.cpp">
      <Filter>소스 파일</Filter>
    </ClCompile>
    <ClCompile Include="230526 232 5번.cpp">
      <Filter>소스 파일</Filter>
    </ClCompile>
    <ClCompile Include="230526 232 6번.cpp">
      <Filter>소스 파일</Filter>
    </ClCompile>
    <ClCompile Include="230526 232 9번.cpp">
      <Filter>소스 파일</Filter>
    </ClCompile>
    <ClCompile Include="230529 232 7+8.cpp">
      <Filter>소스 파일</Filter>
    </ClCompile>
    <ClCompile Include="230529 회문.cpp">
      <Filter>소스 파일</Filter>
    </ClCompile>
    <ClCompile Include="230529 1~10문자출력.cpp">
      <Filter>소스 파일</Filter>
    </ClCompile>
    <ClCompile Include="230529 305 7번.cpp">
      <Filter>소스 파일</Filter>
    </ClCompile>
    <ClCompile Include="230529 305 8번.cpp">
      <Filter>소스 파일</Filter>
    </ClCompile>
    <ClCompile Include="230531 활주길이.cpp">
      <Filter>소스 파일</Filter>
    </ClCompile>
    <ClCompile Include="230531 두점.cpp">
      <Filter>소스 파일</Filter>
    </ClCompile>
    <ClCompile Include="230531 368 회원제.cpp">
      <Filter>소스 파일</Filter>
    </ClCompile>
    <ClCompile Include="230601 삼각형 면적.cpp">
      <Filter>소스 파일</Filter>
    </ClCompile>
    <ClCompile Include="230601 비밀번호.cpp">
      <Filter>소스 파일</Filter>
    </ClCompile>
    <ClCompile Include="230601 465 10번.cpp">
      <Filter>소스 파일</Filter>
    </ClCompile>
    <ClCompile Include="230602 원 내부 점.cpp">
      <Filter>소스 파일</Filter>
    </ClCompile>
    <ClCompile Include="230602 선의 교차점.cpp">
      <Filter>소스 파일</Filter>
    </ClCompile>
    <ClCompile Include="230605 두 직사각형.cpp">
      <Filter>소스 파일</Filter>
    </ClCompile>
    <ClCompile Include="230605 원 겹치는거.cpp">
      <Filter>소스 파일</Filter>
    </ClCompile>
    <ClCompile Include="230607 랜덤.cpp">
      <Filter>소스 파일</Filter>
    </ClCompile>
    <ClCompile Include="230607 랜덤2.cpp">
      <Filter>소스 파일</Filter>
    </ClCompile>
    <ClCompile Include="230607 100개의 사물함.cpp">
      <Filter>소스 파일</Filter>
    </ClCompile>
    <ClCompile Include="230608 점왼쪽오른쪽.cpp">
      <Filter>소스 파일</Filter>
    </ClCompile>
    <ClCompile Include="230608 단어맞추기.cpp">
      <Filter>소스 파일</Filter>
    </ClCompile>
    <ClCompile Include="230609 피라미드.cpp">
      <Filter>소스 파일</Filter>
    </ClCompile>
    <ClCompile Include="230612 벡터 연산.cpp">
      <Filter>소스 파일</Filter>
    </ClCompile>
    <ClCompile Include="vect.cpp">
      <Filter>소스 파일</Filter>
    </ClCompile>
    <ClCompile Include="Cirect2D.cpp">
      <Filter>소스 파일</Filter>
    </ClCompile>
    <ClCompile Include="230612 Cirect2D.cpp">
      <Filter>소스 파일</Filter>
    </ClCompile>
    <ClCompile Include="230614 Rectangle2D.cpp">
      <Filter>소스 파일</Filter>
    </ClCompile>
    <ClCompile Include="Rectangle2D.cpp">
      <Filter>소스 파일</Filter>
    </ClCompile>
    <ClCompile Include="230614 MyPoint.cpp">
      <Filter>소스 파일</Filter>
    </ClCompile>
    <ClCompile Include="myPoint.cpp">
      <Filter>소스 파일</Filter>
    </ClCompile>
    <ClCompile Include="230616 GeometryicObject.cpp">
      <Filter>소스 파일</Filter>
    </ClCompile>
    <ClCompile Include="StopWatch.cpp">
      <Filter>소스 파일</Filter>
    </ClCompile>
    <ClCompile Include="230619 스탑워치.cpp">
      <Filter>소스 파일</Filter>
    </ClCompile>
    <ClCompile Include="230622 로또 랜덤셔플.cpp">
      <Filter>소스 파일</Filter>
    </ClCompile>
    <ClCompile Include="230623 파일.cpp">
      <Filter>소스 파일</Filter>
    </ClCompile>
  </ItemGroup>
  <ItemGroup>
    <ClInclude Include="vect.h">
      <Filter>헤더 파일</Filter>
    </ClInclude>
    <ClInclude Include="Cirect2D.h">
      <Filter>헤더 파일</Filter>
    </ClInclude>
    <ClInclude Include="Rectangle2D.h">
      <Filter>헤더 파일</Filter>
    </ClInclude>
    <ClInclude Include="myPoint.h">
      <Filter>헤더 파일</Filter>
    </ClInclude>
    <ClInclude Include="GeometricObject.h">
      <Filter>헤더 파일</Filter>
    </ClInclude>
    <ClInclude Include="all.h">
      <Filter>헤더 파일</Filter>
    </ClInclude>
    <ClInclude Include="StopWatch.h">
      <Filter>헤더 파일</Filter>
    </ClInclude>
  </ItemGroup>
</Project>